{
    "version": 3,
    "terraform_version": "0.11.10",
    "serial": 9,
    "lineage": "95681209-3978-4c7a-578d-d0f56183b8ab",
    "modules": [
        {
            "path": [
                "root"
            ],
            "outputs": {},
            "resources": {
                "google_compute_instance.default": {
                    "type": "google_compute_instance",
                    "depends_on": [],
                    "primary": {
                        "id": "default",
                        "attributes": {
                            "attached_disk.#": "0",
                            "boot_disk.#": "1",
                            "boot_disk.0.auto_delete": "true",
                            "boot_disk.0.device_name": "persistent-disk-0",
                            "boot_disk.0.disk_encryption_key_raw": "",
                            "boot_disk.0.disk_encryption_key_sha256": "",
                            "boot_disk.0.initialize_params.#": "1",
                            "boot_disk.0.initialize_params.0.image": "https://www.googleapis.com/compute/v1/projects/centos-cloud/global/images/centos-7-v20181113",
                            "boot_disk.0.initialize_params.0.size": "10",
                            "boot_disk.0.initialize_params.0.type": "pd-standard",
                            "boot_disk.0.source": "https://www.googleapis.com/compute/v1/projects/axiomatic-path-219509/zones/europe-west2-c/disks/default",
                            "can_ip_forward": "false",
                            "cpu_platform": "Intel Broadwell",
                            "create_timeout": "4",
                            "deletion_protection": "false",
                            "guest_accelerator.#": "0",
                            "id": "default",
                            "instance_id": "6634841674092651856",
                            "label_fingerprint": "42WmSpB8rSM=",
                            "labels.%": "0",
                            "machine_type": "f1-micro",
                            "metadata.%": "1",
                            "metadata.sshKeys": "terraform:ssh-rsa AAAAB3NzaC1yc2EAAAADAQABAAABAQDiIhg6BRp1ykpsTeIqUhv253gWDypYLoges8QxqPGTrYQydOSj/+b08H6tKtFGh425GN0if33hXzm7LYQCOET4N7OEOMpITFJ8tQnRtzaqawFalGc8ToRD7FXIMCqBF5wdYsWGQBW3BSD5BWZKOFVoMtRt0sU4IYN1F19RqGHLXxfxqyrkbee+kFHLQcJpznvMc0UrEJrFC603lgxH5sVz6zogqUPsGMdP9dWUNS7RshZqM6WAxlzSbUq6UqqkyVBAeE6BKGCRytDXUWYSr2OMQ/eIOHwH7Q7qrWYN3qWwCk04z0V/5deFW+cjn3UPKmXDnh0KOV2MwzQJnlFfZEZx sabeehah1996@terraform\n",
                            "metadata_fingerprint": "z1oAwhDERZs=",
                            "metadata_startup_script": "",
                            "min_cpu_platform": "",
                            "name": "default",
                            "network_interface.#": "1",
                            "network_interface.0.access_config.#": "1",
                            "network_interface.0.access_config.0.assigned_nat_ip": "35.242.182.74",
                            "network_interface.0.access_config.0.nat_ip": "35.242.182.74",
                            "network_interface.0.access_config.0.network_tier": "PREMIUM",
                            "network_interface.0.access_config.0.public_ptr_domain_name": "",
                            "network_interface.0.address": "10.154.0.5",
                            "network_interface.0.alias_ip_range.#": "0",
                            "network_interface.0.name": "nic0",
                            "network_interface.0.network": "https://www.googleapis.com/compute/v1/projects/axiomatic-path-219509/global/networks/default",
                            "network_interface.0.network_ip": "10.154.0.5",
                            "network_interface.0.subnetwork": "https://www.googleapis.com/compute/v1/projects/axiomatic-path-219509/regions/europe-west2/subnetworks/default",
                            "network_interface.0.subnetwork_project": "axiomatic-path-219509",
                            "project": "axiomatic-path-219509",
                            "scheduling.#": "1",
                            "scheduling.0.automatic_restart": "false",
                            "scheduling.0.on_host_maintenance": "MIGRATE",
                            "scheduling.0.preemptible": "false",
                            "scratch_disk.#": "0",
                            "self_link": "https://www.googleapis.com/compute/v1/projects/axiomatic-path-219509/zones/europe-west2-c/instances/default",
                            "service_account.#": "0",
                            "tags.#": "1",
                            "tags.3814588639": "default",
                            "tags_fingerprint": "ZKYLnLa-Ht8=",
                            "zone": "europe-west2-c"
                        },
                        "meta": {
                            "e2bfb730-ecaa-11e6-8f88-34363bc7c4c0": {
                                "create": 360000000000,
                                "delete": 360000000000,
                                "update": 360000000000
                            },
                            "schema_version": "6"
                        },
                        "tainted": true
                    },
                    "deposed": [],
                    "provider": "provider.google"
                }
            },
            "depends_on": []
        }
    ]
}
